
Microsoft Visual Studio Solution File, Format Version 12.00
# Visual Studio Version 16
VisualStudioVersion = 16.0.30621.155
MinimumVisualStudioVersion = 10.0.40219.1
Project("{8BC9CEB8-8B4A-11D0-8D11-00A0C91BC942}") = "TestMFCWebAssembly", "TestMFCWebAssembly.vcxproj", "{A0A2E044-65F3-4090-A49F-69390DF75779}"
EndProject
Project("{FAE04EC0-301F-11D3-BF4B-00C04F79EFBC}") = "WebApplication2", "..\WebApplication2\WebApplication2.csproj", "{C6F73CA3-5671-4986-BA8A-A9DB065D76A8}"
EndProject
Global
	GlobalSection(SolutionConfigurationPlatforms) = preSolution
		Debug|Any CPU = Debug|Any CPU
		Debug|x64 = Debug|x64
		Debug|x86 = Debug|x86
		Release|Any CPU = Release|Any CPU
		Release|x64 = Release|x64
		Release|x86 = Release|x86
	EndGlobalSection
	GlobalSection(ProjectConfigurationPlatforms) = postSolution
		{A0A2E044-65F3-4090-A49F-69390DF75779}.Debug|Any CPU.ActiveCfg = Debug|Win32
		{A0A2E044-65F3-4090-A49F-69390DF75779}.Debug|x64.ActiveCfg = Debug|x64
		{A0A2E044-65F3-4090-A49F-69390DF75779}.Debug|x64.Build.0 = Debug|x64
		{A0A2E044-65F3-4090-A49F-69390DF75779}.Debug|x86.ActiveCfg = Debug|Win32
		{A0A2E044-65F3-4090-A49F-69390DF75779}.Debug|x86.Build.0 = Debug|Win32
		{A0A2E044-65F3-4090-A49F-69390DF75779}.Release|Any CPU.ActiveCfg = Release|Win32
		{A0A2E044-65F3-4090-A49F-69390DF75779}.Release|x64.ActiveCfg = Release|x64
		{A0A2E044-65F3-4090-A49F-69390DF75779}.Release|x64.Build.0 = Release|x64
		{A0A2E044-65F3-4090-A49F-69390DF75779}.Release|x86.ActiveCfg = Release|Win32
		{A0A2E044-65F3-4090-A49F-69390DF75779}.Release|x86.Build.0 = Release|Win32
		{C6F73CA3-5671-4986-BA8A-A9DB065D76A8}.Debug|Any CPU.ActiveCfg = Debug|Any CPU
		{C6F73CA3-5671-4986-BA8A-A9DB065D76A8}.Debug|Any CPU.Build.0 = Debug|Any CPU
		{C6F73CA3-5671-4986-BA8A-A9DB065D76A8}.Debug|x64.ActiveCfg = Debug|Any CPU
		{C6F73CA3-5671-4986-BA8A-A9DB065D76A8}.Debug|x64.Build.0 = Debug|Any CPU
		{C6F73CA3-5671-4986-BA8A-A9DB065D76A8}.Debug|x86.ActiveCfg = Debug|Any CPU
		{C6F73CA3-5671-4986-BA8A-A9DB065D76A8}.Debug|x86.Build.0 = Debug|Any CPU
		{C6F73CA3-5671-4986-BA8A-A9DB065D76A8}.Release|Any CPU.ActiveCfg = Release|Any CPU
		{C6F73CA3-5671-4986-BA8A-A9DB065D76A8}.Release|Any CPU.Build.0 = Release|Any CPU
		{C6F73CA3-5671-4986-BA8A-A9DB065D76A8}.Release|x64.ActiveCfg = Release|Any CPU
		{C6F73CA3-5671-4986-BA8A-A9DB065D76A8}.Release|x64.Build.0 = Release|Any CPU
		{C6F73CA3-5671-4986-BA8A-A9DB065D76A8}.Release|x86.ActiveCfg = Release|Any CPU
		{C6F73CA3-5671-4986-BA8A-A9DB065D76A8}.Release|x86.Build.0 = Release|Any CPU
	EndGlobalSection
	GlobalSection(SolutionProperties) = preSolution
		HideSolutionNode = FALSE
	EndGlobalSection
	GlobalSection(ExtensibilityGlobals) = postSolution
		SolutionGuid = {60531526-A2A4-460C-BFC3-30460B7DE574}
	EndGlobalSection
EndGlobal
